
Microsoft Visual Studio Solution File, Format Version 12.00
# Visual Studio Version 17
VisualStudioVersion = 17.0.31903.59
MinimumVisualStudioVersion = 10.0.40219.1
Project("{9A19103F-16F7-4668-BE54-9A1E7A4F7556}") = "Linq.AI.OpenAI", "Linq.AI.OpenAI\Linq.AI.OpenAI.csproj", "{57516944-78C8-4D97-9760-E2FF4C8F394F}"
EndProject
Project("{9A19103F-16F7-4668-BE54-9A1E7A4F7556}") = "Linq.AI.OpenAI.Tests", "Linq.AI.OpenAI.Tests\Linq.AI.OpenAI.Tests.csproj", "{861C69C1-5682-4A11-A3D8-54DF95907DFE}"
EndProject
Global
	GlobalSection(SolutionConfigurationPlatforms) = preSolution
		Debug|Any CPU = Debug|Any CPU
		Release|Any CPU = Release|Any CPU
	EndGlobalSection
	GlobalSection(ProjectConfigurationPlatforms) = postSolution
		{57516944-78C8-4D97-9760-E2FF4C8F394F}.Debug|Any CPU.ActiveCfg = Debug|Any CPU
		{57516944-78C8-4D97-9760-E2FF4C8F394F}.Debug|Any CPU.Build.0 = Debug|Any CPU
		{57516944-78C8-4D97-9760-E2FF4C8F394F}.Release|Any CPU.ActiveCfg = Release|Any CPU
		{57516944-78C8-4D97-9760-E2FF4C8F394F}.Release|Any CPU.Build.0 = Release|Any CPU
		{861C69C1-5682-4A11-A3D8-54DF95907DFE}.Debug|Any CPU.ActiveCfg = Debug|Any CPU
		{861C69C1-5682-4A11-A3D8-54DF95907DFE}.Debug|Any CPU.Build.0 = Debug|Any CPU
		{861C69C1-5682-4A11-A3D8-54DF95907DFE}.Release|Any CPU.ActiveCfg = Release|Any CPU
		{861C69C1-5682-4A11-A3D8-54DF95907DFE}.Release|Any CPU.Build.0 = Release|Any CPU
	EndGlobalSection
	GlobalSection(SolutionProperties) = preSolution
		HideSolutionNode = FALSE
	EndGlobalSection
	GlobalSection(ExtensibilityGlobals) = postSolution
		SolutionGuid = {F741BF6F-329B-42DF-B031-3C92E1993E84}
	EndGlobalSection
EndGlobal
